# Prisma Migrate lockfile v1

20210506103934-add-profile
20210506104405-auto-generate-profile-id
20210506104508-drop-profile-id
20210506112703-remove-profile-details-from-user
20210507104725-add-configad--confi
20210531152129-add_google_photo_url
20210617075338-add_transaction_recurrences
20210617095515-update_transaction_recurrence
20210617122528-update_to_schedule
20210618064243-updates
20210618064401-update_table_names
20210618064827-update_schedule_transactions_field_name
20210618071118-schedule_make_occurrences_optional
20210621061210
20210621061249-update_schedule
20210622115908-add_latest_created_occurrence
20210623142704-add_subscriptions
20210623142837-make_subscription_uid_unique
20210623143037-default_subscription_id
20210624120513-stripe_products_and_prices
20210624120550-update_stripe_product
20210624120628-rename_stripe_models
20210624121635-update_stripe_price
20210624122137-update_subscription_model_name
20210628093700-add_premium_prices
20210628094325-add_recurring_interval_count
20210628104145
20210628104457-add_unit_amounts_to_premium_prices
20210628105806-optional_unit_amout
20210628110017-remove_unit_amount_decimal
20210628111110-premium_subscription
20210628115545-updates